
Microsoft Visual Studio Solution File, Format Version 12.00
# Visual Studio Version 17
VisualStudioVersion = 17.8.34309.116
MinimumVisualStudioVersion = 10.0.40219.1
Project("{FAE04EC0-301F-11D3-BF4B-00C04F79EFBC}") = "Update.Mapper", "Update.Mapper.csproj", "{D60E3471-B41B-475F-A16E-F86DD26E3DE1}"
EndProject
Global
	GlobalSection(SolutionConfigurationPlatforms) = preSolution
		Debug|Any CPU = Debug|Any CPU
		Release|Any CPU = Release|Any CPU
	EndGlobalSection
	GlobalSection(ProjectConfigurationPlatforms) = postSolution
		{D60E3471-B41B-475F-A16E-F86DD26E3DE1}.Debug|Any CPU.ActiveCfg = Debug|Any CPU
		{D60E3471-B41B-475F-A16E-F86DD26E3DE1}.Debug|Any CPU.Build.0 = Debug|Any CPU
		{D60E3471-B41B-475F-A16E-F86DD26E3DE1}.Release|Any CPU.ActiveCfg = Release|Any CPU
		{D60E3471-B41B-475F-A16E-F86DD26E3DE1}.Release|Any CPU.Build.0 = Release|Any CPU
	EndGlobalSection
	GlobalSection(SolutionProperties) = preSolution
		HideSolutionNode = FALSE
	EndGlobalSection
	GlobalSection(ExtensibilityGlobals) = postSolution
		SolutionGuid = {70B5F32A-7063-457A-8F47-5BA1A318503E}
	EndGlobalSection
EndGlobal
